// !$*UTF8*$!
{
	archiveVersion = 1;
	classes = {
	};
	objectVersion = 50;
	objects = {

/* Begin PBXBuildFile section */
		D15B32A324BBE8DA00C8E973 /* AppDelegate.swift in Sources */ = {isa = PBXBuildFile; fileRef = D15B32A224BBE8DA00C8E973 /* AppDelegate.swift */; };
		D15B32A524BBE8DA00C8E973 /* SceneDelegate.swift in Sources */ = {isa = PBXBuildFile; fileRef = D15B32A424BBE8DA00C8E973 /* SceneDelegate.swift */; };
		D15B32A724BBE8DA00C8E973 /* ViewController.swift in Sources */ = {isa = PBXBuildFile; fileRef = D15B32A624BBE8DA00C8E973 /* ViewController.swift */; };
		D15B32AA24BBE8DA00C8E973 /* Main.storyboard in Resources */ = {isa = PBXBuildFile; fileRef = D15B32A824BBE8DA00C8E973 /* Main.storyboard */; };
		D15B32AC24BBE8DB00C8E973 /* Assets.xcassets in Resources */ = {isa = PBXBuildFile; fileRef = D15B32AB24BBE8DB00C8E973 /* Assets.xcassets */; };
		D15B32AF24BBE8DB00C8E973 /* LaunchScreen.storyboard in Resources */ = {isa = PBXBuildFile; fileRef = D15B32AD24BBE8DB00C8E973 /* LaunchScreen.storyboard */; };
		D15B32BA24BBE8DB00C8E973 /* MainiOSAppTests.swift in Sources */ = {isa = PBXBuildFile; fileRef = D15B32B924BBE8DB00C8E973 /* MainiOSAppTests.swift */; };
/* End PBXBuildFile section */

/* Begin PBXContainerItemProxy section */
		D15B32B624BBE8DB00C8E973 /* PBXContainerItemProxy */ = {
			isa = PBXContainerItemProxy;
			containerPortal = D15B329724BBE8DA00C8E973 /* Project object */;
			proxyType = 1;
			remoteGlobalIDString = D15B329E24BBE8DA00C8E973;
			remoteInfo = MainiOSApp;
		};
/* End PBXContainerItemProxy section */

/* Begin PBXFileReference section */
		D15B329F24BBE8DA00C8E973 /* MainiOSApp.app */ = {isa = PBXFileReference; explicitFileType = wrapper.application; includeInIndex = 0; path = MainiOSApp.app; sourceTree = BUILT_PRODUCTS_DIR; };
		D15B32A224BBE8DA00C8E973 /* AppDelegate.swift */ = {isa = PBXFileReference; lastKnownFileType = sourcecode.swift; path = AppDelegate.swift; sourceTree = "<group>"; };
		D15B32A424BBE8DA00C8E973 /* SceneDelegate.swift */ = {isa = PBXFileReference; lastKnownFileType = sourcecode.swift; path = SceneDelegate.swift; sourceTree = "<group>"; };
		D15B32A624BBE8DA00C8E973 /* ViewController.swift */ = {isa = PBXFileReference; lastKnownFileType = sourcecode.swift; path = ViewController.swift; sourceTree = "<group>"; };
		D15B32A924BBE8DA00C8E973 /* Base */ = {isa = PBXFileReference; lastKnownFileType = file.storyboard; name = Base; path = Base.lproj/Main.storyboard; sourceTree = "<group>"; };
		D15B32AB24BBE8DB00C8E973 /* Assets.xcassets */ = {isa = PBXFileReference; lastKnownFileType = folder.assetcatalog; path = Assets.xcassets; sourceTree = "<group>"; };
		D15B32AE24BBE8DB00C8E973 /* Base */ = {isa = PBXFileReference; lastKnownFileType = file.storyboard; name = Base; path = Base.lproj/LaunchScreen.storyboard; sourceTree = "<group>"; };
		D15B32B024BBE8DB00C8E973 /* Info.plist */ = {isa = PBXFileReference; lastKnownFileType = text.plist.xml; path = Info.plist; sourceTree = "<group>"; };
		D15B32B524BBE8DB00C8E973 /* MainiOSAppTests.xctest */ = {isa = PBXFileReference; explicitFileType = wrapper.cfbundle; includeInIndex = 0; path = MainiOSAppTests.xctest; sourceTree = BUILT_PRODUCTS_DIR; };
		D15B32B924BBE8DB00C8E973 /* MainiOSAppTests.swift */ = {isa = PBXFileReference; lastKnownFileType = sourcecode.swift; path = MainiOSAppTests.swift; sourceTree = "<group>"; };
		D15B32BB24BBE8DB00C8E973 /* Info.plist */ = {isa = PBXFileReference; lastKnownFileType = text.plist.xml; path = Info.plist; sourceTree = "<group>"; };
/* End PBXFileReference section */

/* Begin PBXFrameworksBuildPhase section */
		D15B329C24BBE8DA00C8E973 /* Frameworks */ = {
			isa = PBXFrameworksBuildPhase;
			buildActionMask = 2147483647;
			files = (
			);
			runOnlyForDeploymentPostprocessing = 0;
		};
		D15B32B224BBE8DB00C8E973 /* Frameworks */ = {
			isa = PBXFrameworksBuildPhase;
			buildActionMask = 2147483647;
			files = (
			);
			runOnlyForDeploymentPostprocessing = 0;
		};
/* End PBXFrameworksBuildPhase section */

/* Begin PBXGroup section */
		D15B329624BBE8DA00C8E973 = {
			isa = PBXGroup;
			children = (
				D15B32A124BBE8DA00C8E973 /* MainiOSApp */,
				D15B32B824BBE8DB00C8E973 /* MainiOSAppTests */,
				D15B32A024BBE8DA00C8E973 /* Products */,
			);
			sourceTree = "<group>";
		};
		D15B32A024BBE8DA00C8E973 /* Products */ = {
			isa = PBXGroup;
			children = (
				D15B329F24BBE8DA00C8E973 /* MainiOSApp.app */,
				D15B32B524BBE8DB00C8E973 /* MainiOSAppTests.xctest */,
			);
			name = Products;
			sourceTree = "<group>";
		};
		D15B32A124BBE8DA00C8E973 /* MainiOSApp */ = {
			isa = PBXGroup;
			children = (
				D15B32A224BBE8DA00C8E973 /* AppDelegate.swift */,
				D15B32A424BBE8DA00C8E973 /* SceneDelegate.swift */,
				D15B32A624BBE8DA00C8E973 /* ViewController.swift */,
				D15B32A824BBE8DA00C8E973 /* Main.storyboard */,
				D15B32AB24BBE8DB00C8E973 /* Assets.xcassets */,
				D15B32AD24BBE8DB00C8E973 /* LaunchScreen.storyboard */,
				D15B32B024BBE8DB00C8E973 /* Info.plist */,
			);
			path = MainiOSApp;
			sourceTree = "<group>";
		};
		D15B32B824BBE8DB00C8E973 /* MainiOSAppTests */ = {
			isa = PBXGroup;
			children = (
				D15B32B924BBE8DB00C8E973 /* MainiOSAppTests.swift */,
				D15B32BB24BBE8DB00C8E973 /* Info.plist */,
			);
			path = MainiOSAppTests;
			sourceTree = "<group>";
		};
/* End PBXGroup section */

/* Begin PBXNativeTarget section */
		D15B329E24BBE8DA00C8E973 /* MainiOSApp */ = {
			isa = PBXNativeTarget;
			buildConfigurationList = D15B32BE24BBE8DB00C8E973 /* Build configuration list for PBXNativeTarget "MainiOSApp" */;
			buildPhases = (
				D15B329B24BBE8DA00C8E973 /* Sources */,
				D15B329C24BBE8DA00C8E973 /* Frameworks */,
				D15B329D24BBE8DA00C8E973 /* Resources */,
			);
			buildRules = (
			);
			dependencies = (
			);
			name = MainiOSApp;
			productName = MainiOSApp;
			productReference = D15B329F24BBE8DA00C8E973 /* MainiOSApp.app */;
			productType = "com.apple.product-type.application";
		};
		D15B32B424BBE8DB00C8E973 /* MainiOSAppTests */ = {
			isa = PBXNativeTarget;
			buildConfigurationList = D15B32C124BBE8DB00C8E973 /* Build configuration list for PBXNativeTarget "MainiOSAppTests" */;
			buildPhases = (
				D15B32B124BBE8DB00C8E973 /* Sources */,
				D15B32B224BBE8DB00C8E973 /* Frameworks */,
				D15B32B324BBE8DB00C8E973 /* Resources */,
			);
			buildRules = (
			);
			dependencies = (
				D15B32B724BBE8DB00C8E973 /* PBXTargetDependency */,
			);
			name = MainiOSAppTests;
			productName = MainiOSAppTests;
			productReference = D15B32B524BBE8DB00C8E973 /* MainiOSAppTests.xctest */;
			productType = "com.apple.product-type.bundle.unit-test";
		};
/* End PBXNativeTarget section */

/* Begin PBXProject section */
		D15B329724BBE8DA00C8E973 /* Project object */ = {
			isa = PBXProject;
			attributes = {
				LastSwiftUpdateCheck = 1150;
				LastUpgradeCheck = 1150;
				ORGANIZATIONNAME = "MIDI Kinetics";
				TargetAttributes = {
					D15B329E24BBE8DA00C8E973 = {
						CreatedOnToolsVersion = 11.5;
					};
					D15B32B424BBE8DB00C8E973 = {
						CreatedOnToolsVersion = 11.5;
						TestTargetID = D15B329E24BBE8DA00C8E973;
					};
				};
			};
			buildConfigurationList = D15B329A24BBE8DA00C8E973 /* Build configuration list for PBXProject "MainiOSApp" */;
			compatibilityVersion = "Xcode 9.3";
			developmentRegion = en;
			hasScannedForEncodings = 0;
			knownRegions = (
				en,
				Base,
			);
			mainGroup = D15B329624BBE8DA00C8E973;
			productRefGroup = D15B32A024BBE8DA00C8E973 /* Products */;
			projectDirPath = "";
			projectRoot = "";
			targets = (
				D15B329E24BBE8DA00C8E973 /* MainiOSApp */,
				D15B32B424BBE8DB00C8E973 /* MainiOSAppTests */,
			);
		};
/* End PBXProject section */

/* Begin PBXResourcesBuildPhase section */
		D15B329D24BBE8DA00C8E973 /* Resources */ = {
			isa = PBXResourcesBuildPhase;
			buildActionMask = 2147483647;
			files = (
				D15B32AF24BBE8DB00C8E973 /* LaunchScreen.storyboard in Resources */,
				D15B32AC24BBE8DB00C8E973 /* Assets.xcassets in Resources */,
				D15B32AA24BBE8DA00C8E973 /* Main.storyboard in Resources */,
			);
			runOnlyForDeploymentPostprocessing = 0;
		};
		D15B32B324BBE8DB00C8E973 /* Resources */ = {
			isa = PBXResourcesBuildPhase;
			buildActionMask = 2147483647;
			files = (
			);
			runOnlyForDeploymentPostprocessing = 0;
		};
/* End PBXResourcesBuildPhase section */

/* Begin PBXSourcesBuildPhase section */
		D15B329B24BBE8DA00C8E973 /* Sources */ = {
			isa = PBXSourcesBuildPhase;
			buildActionMask = 2147483647;
			files = (
				D15B32A724BBE8DA00C8E973 /* ViewController.swift in Sources */,
				D15B32A324BBE8DA00C8E973 /* AppDelegate.swift in Sources */,
				D15B32A524BBE8DA00C8E973 /* SceneDelegate.swift in Sources */,
			);
			runOnlyForDeploymentPostprocessing = 0;
		};
		D15B32B124BBE8DB00C8E973 /* Sources */ = {
			isa = PBXSourcesBuildPhase;
			buildActionMask = 2147483647;
			files = (
				D15B32BA24BBE8DB00C8E973 /* MainiOSAppTests.swift in Sources */,
			);
			runOnlyForDeploymentPostprocessing = 0;
		};
/* End PBXSourcesBuildPhase section */

/* Begin PBXTargetDependency section */
		D15B32B724BBE8DB00C8E973 /* PBXTargetDependency */ = {
			isa = PBXTargetDependency;
			target = D15B329E24BBE8DA00C8E973 /* MainiOSApp */;
			targetProxy = D15B32B624BBE8DB00C8E973 /* PBXContainerItemProxy */;
		};
/* End PBXTargetDependency section */

/* Begin PBXVariantGroup section */
		D15B32A824BBE8DA00C8E973 /* Main.storyboard */ = {
			isa = PBXVariantGroup;
			children = (
				D15B32A924BBE8DA00C8E973 /* Base */,
			);
			name = Main.storyboard;
			sourceTree = "<group>";
		};
		D15B32AD24BBE8DB00C8E973 /* LaunchScreen.storyboard */ = {
			isa = PBXVariantGroup;
			children = (
				D15B32AE24BBE8DB00C8E973 /* Base */,
			);
			name = LaunchScreen.storyboard;
			sourceTree = "<group>";
		};
/* End PBXVariantGroup section */

/* Begin XCBuildConfiguration section */
		D15B32BC24BBE8DB00C8E973 /* Debug */ = {
			isa = XCBuildConfiguration;
			buildSettings = {
				ALWAYS_SEARCH_USER_PATHS = NO;
				CLANG_ANALYZER_NONNULL = YES;
				CLANG_ANALYZER_NUMBER_OBJECT_CONVERSION = YES_AGGRESSIVE;
				CLANG_CXX_LANGUAGE_STANDARD = "gnu++14";
				CLANG_CXX_LIBRARY = "libc++";
				CLANG_ENABLE_MODULES = YES;
				CLANG_ENABLE_OBJC_ARC = YES;
				CLANG_ENABLE_OBJC_WEAK = YES;
				CLANG_WARN_BLOCK_CAPTURE_AUTORELEASING = YES;
				CLANG_WARN_BOOL_CONVERSION = YES;
				CLANG_WARN_COMMA = YES;
				CLANG_WARN_CONSTANT_CONVERSION = YES;
				CLANG_WARN_DEPRECATED_OBJC_IMPLEMENTATIONS = YES;
				CLANG_WARN_DIRECT_OBJC_ISA_USAGE = YES_ERROR;
				CLANG_WARN_DOCUMENTATION_COMMENTS = YES;
				CLANG_WARN_EMPTY_BODY = YES;
				CLANG_WARN_ENUM_CONVERSION = YES;
				CLANG_WARN_INFINITE_RECURSION = YES;
				CLANG_WARN_INT_CONVERSION = YES;
				CLANG_WARN_NON_LITERAL_NULL_CONVERSION = YES;
				CLANG_WARN_OBJC_IMPLICIT_RETAIN_SELF = YES;
				CLANG_WARN_OBJC_LITERAL_CONVERSION = YES;
				CLANG_WARN_OBJC_ROOT_CLASS = YES_ERROR;
				CLANG_WARN_RANGE_LOOP_ANALYSIS = YES;
				CLANG_WARN_STRICT_PROTOTYPES = YES;
				CLANG_WARN_SUSPICIOUS_MOVE = YES;
				CLANG_WARN_UNGUARDED_AVAILABILITY = YES_AGGRESSIVE;
				CLANG_WARN_UNREACHABLE_CODE = YES;
				CLANG_WARN__DUPLICATE_METHOD_MATCH = YES;
				COPY_PHASE_STRIP = NO;
				DEBUG_INFORMATION_FORMAT = dwarf;
				ENABLE_STRICT_OBJC_MSGSEND = YES;
				ENABLE_TESTABILITY = YES;
				GCC_C_LANGUAGE_STANDARD = gnu11;
				GCC_DYNAMIC_NO_PIC = NO;
				GCC_NO_COMMON_BLOCKS = YES;
				GCC_OPTIMIZATION_LEVEL = 0;
				GCC_PREPROCESSOR_DEFINITIONS = (
					"DEBUG=1",
					"$(inherited)",
				);
				GCC_WARN_64_TO_32_BIT_CONVERSION = YES;
				GCC_WARN_ABOUT_RETURN_TYPE = YES_ERROR;
				GCC_WARN_UNDECLARED_SELECTOR = YES;
				GCC_WARN_UNINITIALIZED_AUTOS = YES_AGGRESSIVE;
				GCC_WARN_UNUSED_FUNCTION = YES;
				GCC_WARN_UNUSED_VARIABLE = YES;
				IPHONEOS_DEPLOYMENT_TARGET = 13.5;
				MTL_ENABLE_DEBUG_INFO = INCLUDE_SOURCE;
				MTL_FAST_MATH = YES;
				ONLY_ACTIVE_ARCH = YES;
				SDKROOT = iphoneos;
				SWIFT_ACTIVE_COMPILATION_CONDITIONS = DEBUG;
				SWIFT_OPTIMIZATION_LEVEL = "-Onone";
			};
			name = Debug;
		};
		D15B32BD24BBE8DB00C8E973 /* Release */ = {
			isa = XCBuildConfiguration;
			buildSettings = {
				ALWAYS_SEARCH_USER_PATHS = NO;
				CLANG_ANALYZER_NONNULL = YES;
				CLANG_ANALYZER_NUMBER_OBJECT_CONVERSION = YES_AGGRESSIVE;
				CLANG_CXX_LANGUAGE_STANDARD = "gnu++14";
				CLANG_CXX_LIBRARY = "libc++";
				CLANG_ENABLE_MODULES = YES;
				CLANG_ENABLE_OBJC_ARC = YES;
				CLANG_ENABLE_OBJC_WEAK = YES;
				CLANG_WARN_BLOCK_CAPTURE_AUTORELEASING = YES;
				CLANG_WARN_BOOL_CONVERSION = YES;
				CLANG_WARN_COMMA = YES;
				CLANG_WARN_CONSTANT_CONVERSION = YES;
				CLANG_WARN_DEPRECATED_OBJC_IMPLEMENTATIONS = YES;
				CLANG_WARN_DIRECT_OBJC_ISA_USAGE = YES_ERROR;
				CLANG_WARN_DOCUMENTATION_COMMENTS = YES;
				CLANG_WARN_EMPTY_BODY = YES;
				CLANG_WARN_ENUM_CONVERSION = YES;
				CLANG_WARN_INFINITE_RECURSION = YES;
				CLANG_WARN_INT_CONVERSION = YES;
				CLANG_WARN_NON_LITERAL_NULL_CONVERSION = YES;
				CLANG_WARN_OBJC_IMPLICIT_RETAIN_SELF = YES;
				CLANG_WARN_OBJC_LITERAL_CONVERSION = YES;
				CLANG_WARN_OBJC_ROOT_CLASS = YES_ERROR;
				CLANG_WARN_RANGE_LOOP_ANALYSIS = YES;
				CLANG_WARN_STRICT_PROTOTYPES = YES;
				CLANG_WARN_SUSPICIOUS_MOVE = YES;
				CLANG_WARN_UNGUARDED_AVAILABILITY = YES_AGGRESSIVE;
				CLANG_WARN_UNREACHABLE_CODE = YES;
				CLANG_WARN__DUPLICATE_METHOD_MATCH = YES;
				COPY_PHASE_STRIP = NO;
				DEBUG_INFORMATION_FORMAT = "dwarf-with-dsym";
				ENABLE_NS_ASSERTIONS = NO;
				ENABLE_STRICT_OBJC_MSGSEND = YES;
				GCC_C_LANGUAGE_STANDARD = gnu11;
				GCC_NO_COMMON_BLOCKS = YES;
				GCC_WARN_64_TO_32_BIT_CONVERSION = YES;
				GCC_WARN_ABOUT_RETURN_TYPE = YES_ERROR;
				GCC_WARN_UNDECLARED_SELECTOR = YES;
				GCC_WARN_UNINITIALIZED_AUTOS = YES_AGGRESSIVE;
				GCC_WARN_UNUSED_FUNCTION = YES;
				GCC_WARN_UNUSED_VARIABLE = YES;
				IPHONEOS_DEPLOYMENT_TARGET = 13.5;
				MTL_ENABLE_DEBUG_INFO = NO;
				MTL_FAST_MATH = YES;
				SDKROOT = iphoneos;
				SWIFT_COMPILATION_MODE = wholemodule;
				SWIFT_OPTIMIZATION_LEVEL = "-O";
				VALIDATE_PRODUCT = YES;
			};
			name = Release;
		};
		D15B32BF24BBE8DB00C8E973 /* Debug */ = {
			isa = XCBuildConfiguration;
			buildSettings = {
				ASSETCATALOG_COMPILER_APPICON_NAME = AppIcon;
				CODE_SIGN_STYLE = Automatic;
				DEVELOPMENT_TEAM = 67U25886CA;
				INFOPLIST_FILE = MainiOSApp/Info.plist;
				LD_RUNPATH_SEARCH_PATHS = (
					"$(inherited)",
					"@executable_path/Frameworks",
				);
				PRODUCT_BUNDLE_IDENTIFIER = com.midikinetics.MainiOSApp;
				PRODUCT_NAME = "$(TARGET_NAME)";
				SWIFT_VERSION = 5.0;
				TARGETED_DEVICE_FAMILY = "1,2";
			};
			name = Debug;
		};
		D15B32C024BBE8DB00C8E973 /* Release */ = {
			isa = XCBuildConfiguration;
			buildSettings = {
				ASSETCATALOG_COMPILER_APPICON_NAME = AppIcon;
				CODE_SIGN_STYLE = Automatic;
				DEVELOPMENT_TEAM = 67U25886CA;
				INFOPLIST_FILE = MainiOSApp/Info.plist;
				LD_RUNPATH_SEARCH_PATHS = (
					"$(inherited)",
					"@executable_path/Frameworks",
				);
				PRODUCT_BUNDLE_IDENTIFIER = com.midikinetics.MainiOSApp;
				PRODUCT_NAME = "$(TARGET_NAME)";
				SWIFT_VERSION = 5.0;
				TARGETED_DEVICE_FAMILY = "1,2";
			};
			name = Release;
		};
		D15B32C224BBE8DB00C8E973 /* Debug */ = {
			isa = XCBuildConfiguration;
			buildSettings = {
				ALWAYS_EMBED_SWIFT_STANDARD_LIBRARIES = YES;
				BUNDLE_LOADER = "$(TEST_HOST)";
				CODE_SIGN_STYLE = Automatic;
				DEVELOPMENT_TEAM = 67U25886CA;
				INFOPLIST_FILE = MainiOSAppTests/Info.plist;
				IPHONEOS_DEPLOYMENT_TARGET = 13.5;
				LD_RUNPATH_SEARCH_PATHS = (
					"$(inherited)",
					"@executable_path/Frameworks",
					"@loader_path/Frameworks",
				);
				PRODUCT_BUNDLE_IDENTIFIER = com.midikinetics.MainiOSAppTests;
				PRODUCT_NAME = "$(TARGET_NAME)";
				SWIFT_VERSION = 5.0;
				TARGETED_DEVICE_FAMILY = "1,2";
				TEST_HOST = "$(BUILT_PRODUCTS_DIR)/MainiOSApp.app/MainiOSApp";
			};
			name = Debug;
		};
		D15B32C324BBE8DB00C8E973 /* Release */ = {
			isa = XCBuildConfiguration;
			buildSettings = {
				ALWAYS_EMBED_SWIFT_STANDARD_LIBRARIES = YES;
				BUNDLE_LOADER = "$(TEST_HOST)";
				CODE_SIGN_STYLE = Automatic;
				DEVELOPMENT_TEAM = 67U25886CA;
				INFOPLIST_FILE = MainiOSAppTests/Info.plist;
				IPHONEOS_DEPLOYMENT_TARGET = 13.5;
				LD_RUNPATH_SEARCH_PATHS = (
					"$(inherited)",
					"@executable_path/Frameworks",
					"@loader_path/Frameworks",
				);
				PRODUCT_BUNDLE_IDENTIFIER = com.midikinetics.MainiOSAppTests;
				PRODUCT_NAME = "$(TARGET_NAME)";
				SWIFT_VERSION = 5.0;
				TARGETED_DEVICE_FAMILY = "1,2";
				TEST_HOST = "$(BUILT_PRODUCTS_DIR)/MainiOSApp.app/MainiOSApp";
			};
			name = Release;
		};
/* End XCBuildConfiguration section */

/* Begin XCConfigurationList section */
		D15B329A24BBE8DA00C8E973 /* Build configuration list for PBXProject "MainiOSApp" */ = {
			isa = XCConfigurationList;
			buildConfigurations = (
				D15B32BC24BBE8DB00C8E973 /* Debug */,
				D15B32BD24BBE8DB00C8E973 /* Release */,
			);
			defaultConfigurationIsVisible = 0;
			defaultConfigurationName = Release;
		};
		D15B32BE24BBE8DB00C8E973 /* Build configuration list for PBXNativeTarget "MainiOSApp" */ = {
			isa = XCConfigurationList;
			buildConfigurations = (
				D15B32BF24BBE8DB00C8E973 /* Debug */,
				D15B32C024BBE8DB00C8E973 /* Release */,
			);
			defaultConfigurationIsVisible = 0;
			defaultConfigurationName = Release;
		};
		D15B32C124BBE8DB00C8E973 /* Build configuration list for PBXNativeTarget "MainiOSAppTests" */ = {
			isa = XCConfigurationList;
			buildConfigurations = (
				D15B32C224BBE8DB00C8E973 /* Debug */,
				D15B32C324BBE8DB00C8E973 /* Release */,
			);
			defaultConfigurationIsVisible = 0;
			defaultConfigurationName = Release;
		};
/* End XCConfigurationList section */
	};
	rootObject = D15B329724BBE8DA00C8E973 /* Project object */;
}
